
Microsoft Visual Studio Solution File, Format Version 12.00
# Visual Studio Version 17
VisualStudioVersion = 17.2.32630.192
MinimumVisualStudioVersion = 10.0.40219.1
Project("{FAE04EC0-301F-11D3-BF4B-00C04F79EFBC}") = "BlazorIdentity.Server", "BlazorIdentity\Server\BlazorIdentity.Server.csproj", "{49F125BC-8FF7-4835-B567-7F6643608E9B}"
EndProject
Project("{FAE04EC0-301F-11D3-BF4B-00C04F79EFBC}") = "BlazorIdentity.Client", "BlazorIdentity\Client\BlazorIdentity.Client.csproj", "{BFE7E20A-961D-4662-82C2-E29993CB02B2}"
EndProject
Project("{FAE04EC0-301F-11D3-BF4B-00C04F79EFBC}") = "BlazorIdentity.Shared", "BlazorIdentity\Shared\BlazorIdentity.Shared.csproj", "{762453B1-F793-43B4-9E57-405A945ECF01}"
EndProject
Global
	GlobalSection(SolutionConfigurationPlatforms) = preSolution
		Debug|Any CPU = Debug|Any CPU
		Release|Any CPU = Release|Any CPU
	EndGlobalSection
	GlobalSection(ProjectConfigurationPlatforms) = postSolution
		{49F125BC-8FF7-4835-B567-7F6643608E9B}.Debug|Any CPU.ActiveCfg = Debug|Any CPU
		{49F125BC-8FF7-4835-B567-7F6643608E9B}.Debug|Any CPU.Build.0 = Debug|Any CPU
		{49F125BC-8FF7-4835-B567-7F6643608E9B}.Release|Any CPU.ActiveCfg = Release|Any CPU
		{49F125BC-8FF7-4835-B567-7F6643608E9B}.Release|Any CPU.Build.0 = Release|Any CPU
		{BFE7E20A-961D-4662-82C2-E29993CB02B2}.Debug|Any CPU.ActiveCfg = Debug|Any CPU
		{BFE7E20A-961D-4662-82C2-E29993CB02B2}.Debug|Any CPU.Build.0 = Debug|Any CPU
		{BFE7E20A-961D-4662-82C2-E29993CB02B2}.Release|Any CPU.ActiveCfg = Release|Any CPU
		{BFE7E20A-961D-4662-82C2-E29993CB02B2}.Release|Any CPU.Build.0 = Release|Any CPU
		{762453B1-F793-43B4-9E57-405A945ECF01}.Debug|Any CPU.ActiveCfg = Debug|Any CPU
		{762453B1-F793-43B4-9E57-405A945ECF01}.Debug|Any CPU.Build.0 = Debug|Any CPU
		{762453B1-F793-43B4-9E57-405A945ECF01}.Release|Any CPU.ActiveCfg = Release|Any CPU
		{762453B1-F793-43B4-9E57-405A945ECF01}.Release|Any CPU.Build.0 = Release|Any CPU
	EndGlobalSection
	GlobalSection(SolutionProperties) = preSolution
		HideSolutionNode = FALSE
	EndGlobalSection
	GlobalSection(ExtensibilityGlobals) = postSolution
		SolutionGuid = {53351C9D-D042-460F-BBEE-F1172DC754C6}
	EndGlobalSection
EndGlobal
